{
  "version": 4,
  "terraform_version": "1.15.4",
  "serial": 30,
  "lineage": "4eb1b93d-f42d-61fc-932a-c8340af18623",
  "outputs": {
    "control_plane_private_ip": {
      "value": "10.0.1.10",
      "type": "string"
    },
    "control_plane_public_ip": {
      "value": "4.193.210.31",
      "type": "string"
    },
    "kubeconfig_hint": {
      "value": "scp azureuser@4.193.210.31:/etc/kubernetes/admin.conf ~/.kube/config",
      "type": "string"
    },
    "resource_group": {
      "value": "k8s-k8s-rg",
      "type": "string"
    },
    "ssh_control_plane": {
      "value": "ssh azureuser@4.193.210.31",
      "type": "string"
    },
    "worker_private_ips": {
      "value": [
        "10.0.1.20"
      ],
      "type": [
        "tuple",
        [
          "string"
        ]
      ]
    },
    "worker_public_ips": {
      "value": [
        "4.193.99.206"
      ],
      "type": [
        "tuple",
        [
          "string"
        ]
      ]
    }
  },
  "resources": [
    {
      "mode": "managed",
      "type": "azurerm_linux_virtual_machine",
      "name": "control_plane",
      "provider": "provider[\"registry.terraform.io/hashicorp/azurerm\"]",
      "instances": [
        {
          "schema_version": 0,
          "attributes": {
            "additional_capabilities": [],
            "admin_password": null,
            "admin_ssh_key": [
              {
                "public_key": "ssh-rsa AAAAB3NzaC1yc2EAAAADAQABAAACAQDj9sDSI4akgPWvsNIVstyDPd9DV4wvVDA0xctyXh6RAKHjWdr/YpxBVCQalb6tAAtQhQlwu4K3L7BNvG0RxAfLYuBi86wekoIZXYkjWkRiOF73nOMxIOP5+LyEyxZJOQzCSl/O5QwED+v0FBQVNc1uTi9gH+2pdMA96n234sHDyve+fc05u33kqvEZLzbyw48Dd7xnTgHzsIKwOZxD41u8paSFGVB+khTZRVhMMlfFcn7h2iMv5nrsHSNawst354FIE58XeelHSJOQf2ZC3XaW5BQ6mgEtdywwD6EjT/lENjf8akyzbSxZPyoRRX+Jg0m/P0HcLT94tsyEQlEmmF2Vr8AZyG5JvIK1EPb6XDsPEmqaiNS0wj7eSssKttIcDmpmzdOLV0bvNU5RzyvtQBg26m7kCNZlEQL1FcNS8idNevefVthmXs6dRX6dLA0g3X6kjyA3yL83UgW0pA/kmD5lsCfAm1QaV5T03wl1WcLmni4dAqg2LJCJ0bchuXVyfNiuM113uv/4C4uY2BgXG6gtMfq/w4v8y/dcdiut3L4twvcV1U4n9QWct5bmCXKtB+syGhcP9Q7yN9NckHqzItBHeLqdVH99nTwGBb7YwRXlfwXvUNJik/Xss8MF7rQoFNuRXmQMY2mHXNMa+QcPM4tDpfw8NlrS3MARIb+5iSIzxQ== k8s-azure\n",
                "username": "azureuser"
              }
            ],
            "admin_username": "azureuser",
            "allow_extension_operations": true,
            "availability_set_id": "",
            "boot_diagnostics": [],
            "bypass_platform_safety_checks_on_user_schedule_enabled": false,
            "capacity_reservation_group_id": "",
            "computer_name": "k8s-control-plane",
            "custom_data": "IyEvYmluL2Jhc2gKIyBjbG91ZC1pbml0IGJvb3RzdHJhcCDigJMgS3ViZXJuZXRlcyBDb250cm9sIFBsYW5lCiMgS3ViZXJuZXRlcyB2ZXJzaW9uIDogMS4yOQojIFBvZCBDSURSICAgICAgICAgICA6IDE5Mi4xNjguMC4wLzE2CiMgU2VydmljZSBDSURSICAgICAgIDogMTAuOTYuMC4wLzEyCgpzZXQgLWV1byBwaXBlZmFpbApleGVjID4gPih0ZWUgL3Zhci9sb2cvazhzLWJvb3RzdHJhcC5sb2cgfCBsb2dnZXIgLXQgazhzLWJvb3RzdHJhcCkgMj4mMQoKZWNobyAiPT09IFsxLzZdIFN5c3RlbSBwcmVyZXF1aXNpdGVzID09PSIKYXB0LWdldCB1cGRhdGUgLXkKYXB0LWdldCBpbnN0YWxsIC15IGFwdC10cmFuc3BvcnQtaHR0cHMgY2EtY2VydGlmaWNhdGVzIGN1cmwgZ3BnCgojIERpc2FibGUgc3dhcCAocmVxdWlyZWQgYnkga3ViZWxldCkKc3dhcG9mZiAtYQpzZWQgLWkgJy9zd2FwL2QnIC9ldGMvZnN0YWIKCiMgTG9hZCBrZXJuZWwgbW9kdWxlcwpjYXQgPDxFT0YgfCB0ZWUgL2V0Yy9tb2R1bGVzLWxvYWQuZC9rOHMuY29uZgpvdmVybGF5CmJyX25ldGZpbHRlcgpFT0YKbW9kcHJvYmUgb3ZlcmxheQptb2Rwcm9iZSBicl9uZXRmaWx0ZXIKCiMgU3lzY3RsIHNldHRpbmdzIGZvciBuZXR3b3JraW5nCmNhdCA8PEVPRiB8IHRlZSAvZXRjL3N5c2N0bC5kL2s4cy5jb25mCm5ldC5icmlkZ2UuYnJpZGdlLW5mLWNhbGwtaXB0YWJsZXMgID0gMQpuZXQuYnJpZGdlLmJyaWRnZS1uZi1jYWxsLWlwNnRhYmxlcyA9IDEKbmV0LmlwdjQuaXBfZm9yd2FyZCAgICAgICAgICAgICAgICAgPSAxCkVPRgpzeXNjdGwgLS1zeXN0ZW0KCmVjaG8gIj09PSBbMi82XSBJbnN0YWxsIGNvbnRhaW5lcmQgPT09IgphcHQtZ2V0IGluc3RhbGwgLXkgY29udGFpbmVyZApta2RpciAtcCAvZXRjL2NvbnRhaW5lcmQKY29udGFpbmVyZCBjb25maWcgZGVmYXVsdCB8IHRlZSAvZXRjL2NvbnRhaW5lcmQvY29uZmlnLnRvbWwKc2VkIC1pICdzL1N5c3RlbWRDZ3JvdXAgPSBmYWxzZS9TeXN0ZW1kQ2dyb3VwID0gdHJ1ZS8nIC9ldGMvY29udGFpbmVyZC9jb25maWcudG9tbApzeXN0ZW1jdGwgcmVzdGFydCBjb250YWluZXJkCnN5c3RlbWN0bCBlbmFibGUgY29udGFpbmVyZAoKZWNobyAiPT09IFszLzZdIEluc3RhbGwga3ViZWFkbSwga3ViZWxldCwga3ViZWN0bCA9PT0iCmN1cmwgLWZzU0wgImh0dHBzOi8vcGtncy5rOHMuaW8vY29yZTovc3RhYmxlOi92MS4yOS9kZWIvUmVsZWFzZS5rZXkiIFwKICB8IGdwZyAtLWRlYXJtb3IgLW8gL2V0Yy9hcHQva2V5cmluZ3Mva3ViZXJuZXRlcy1hcHQta2V5cmluZy5ncGcKCmVjaG8gImRlYiBbc2lnbmVkLWJ5PS9ldGMvYXB0L2tleXJpbmdzL2t1YmVybmV0ZXMtYXB0LWtleXJpbmcuZ3BnXSBcCiAgaHR0cHM6Ly9wa2dzLms4cy5pby9jb3JlOi9zdGFibGU6L3YxLjI5L2RlYi8gLyIgXAogIHwgdGVlIC9ldGMvYXB0L3NvdXJjZXMubGlzdC5kL2t1YmVybmV0ZXMubGlzdAoKYXB0LWdldCB1cGRhdGUgLXkKYXB0LWdldCBpbnN0YWxsIC15IGt1YmVsZXQga3ViZWFkbSBrdWJlY3RsCmFwdC1tYXJrIGhvbGQga3ViZWxldCBrdWJlYWRtIGt1YmVjdGwKCmVjaG8gIj09PSBbNC82XSBrdWJlYWRtIGluaXQgPT09IgojIFBSSVZBVEVfSVA9JChjdXJsIC1zIC1IICJNZXRhZGF0YTp0cnVlIiBcCiMgICAiaHR0cDovLzEwLjAuMS4xMC9tZXRhZGF0YS9pbnN0YW5jZS9uZXR3b3JrL2ludGVyZmFjZS8wL2lwdjQvaXBBZGRyZXNzLzAvcHJpdmF0ZUlwQWRkcmVzcz9hcGktdmVyc2lvbj0yMDIxLTAyLTAxJmZvcm1hdD10ZXh0IikKIyBQVUJMSUNfSVA9JChjdXJsIC1zIC1IICJNZXRhZGF0YTp0cnVlIiBcCiMgICAiaHR0cDovLzQuMTkzLjIxMC4zMS9tZXRhZGF0YS9pbnN0YW5jZS9uZXR3b3JrL2ludGVyZmFjZS8wL2lwdjQvaXBBZGRyZXNzLzAvcHVibGljSXBBZGRyZXNzP2FwaS12ZXJzaW9uPTIwMjEtMDItMDEmZm9ybWF0PXRleHQiKQoKIyBrdWJlYWRtIGluaXQgXAojICAgLS1hcGlzZXJ2ZXItYWR2ZXJ0aXNlLWFkZHJlc3M9IiRQUklWQVRFX0lQIiBcCiMgICAtLWFwaXNlcnZlci1jZXJ0LWV4dHJhLXNhbnM9IiRQVUJMSUNfSVAsJFBSSVZBVEVfSVAiIFwKIyAgIC0tcG9kLW5ldHdvcmstY2lkcj0iMTkyLjE2OC4wLjAvMTYiIFwKIyAgIC0tc2VydmljZS1jaWRyPSIxMC45Ni4wLjAvMTIiIFwKIyAgIC0ta3ViZXJuZXRlcy12ZXJzaW9uPSJ2MS4yOS4wIiBcCiMgICAtLXVwbG9hZC1jZXJ0cwpQUklWQVRFX0lQPSIxMC4wLjEuMTAiClBVQkxJQ19JUD0iNC4xOTMuMjEwLjMxIgplY2hvICI9PT0gWzUvNl0gQ29uZmlndXJlIGt1YmVjdGwgZm9yIGF6dXJldXNlciA9PT0iCm1rZGlyIC1wIC9ob21lL2F6dXJldXNlci8ua3ViZQpjcCAvZXRjL2t1YmVybmV0ZXMvYWRtaW4uY29uZiAvaG9tZS9henVyZXVzZXIvLmt1YmUvY29uZmlnCmNob3duIC1SIGF6dXJldXNlcjphenVyZXVzZXIgL2hvbWUvYXp1cmV1c2VyLy5rdWJlCgojIEFsc28gc2V0IHVwIGZvciByb290Cm1rZGlyIC1wIC9yb290Ly5rdWJlCmNwIC9ldGMva3ViZXJuZXRlcy9hZG1pbi5jb25mIC9yb290Ly5rdWJlL2NvbmZpZwoKZWNobyAiPT09IFs2LzZdIEluc3RhbGwgQ2FsaWNvIENOSSA9PT0iCmV4cG9ydCBLVUJFQ09ORklHPS9ldGMva3ViZXJuZXRlcy9hZG1pbi5jb25mCmt1YmVjdGwgYXBwbHkgLWYgaHR0cHM6Ly9yYXcuZ2l0aHVidXNlcmNvbnRlbnQuY29tL3Byb2plY3RjYWxpY28vY2FsaWNvL3YzLjI3LjAvbWFuaWZlc3RzL2NhbGljby55YW1sCgojIFNhdmUgam9pbiBjb21tYW5kIGZvciB3b3JrZXJzCmt1YmVhZG0gdG9rZW4gY3JlYXRlIC0tcHJpbnQtam9pbi1jb21tYW5kID4gL2hvbWUvYXp1cmV1c2VyL3dvcmtlci1qb2luLWNvbW1hbmQuc2gKY2htb2QgNjAwIC9ob21lL2F6dXJldXNlci93b3JrZXItam9pbi1jb21tYW5kLnNoCmNob3duIGF6dXJldXNlcjphenVyZXVzZXIgL2hvbWUvYXp1cmV1c2VyL3dvcmtlci1qb2luLWNvbW1hbmQuc2gKCmVjaG8gIj09PSBDb250cm9sIHBsYW5lIGJvb3RzdHJhcCBjb21wbGV0ZSA9PT0iCmVjaG8gIkpvaW4gY29tbWFuZCBzYXZlZCB0byAvaG9tZS9henVyZXVzZXIvd29ya2VyLWpvaW4tY29tbWFuZC5zaCIK",
            "dedicated_host_group_id": "",
            "dedicated_host_id": "",
            "disable_password_authentication": true,
            "disk_controller_type": "SCSI",
            "edge_zone": "",
            "encryption_at_host_enabled": false,
            "eviction_policy": "",
            "extensions_time_budget": "PT1H30M",
            "gallery_application": [],
            "id": "/subscriptions/ea1b8990-39ca-40a0-8c4d-5b98b6dede1b/resourceGroups/k8s-k8s-rg/providers/Microsoft.Compute/virtualMachines/k8s-control-plane",
            "identity": [],
            "license_type": "",
            "location": "southeastasia",
            "max_bid_price": -1,
            "name": "k8s-control-plane",
            "network_interface_ids": [
              "/subscriptions/ea1b8990-39ca-40a0-8c4d-5b98b6dede1b/resourceGroups/k8s-k8s-rg/providers/Microsoft.Network/networkInterfaces/k8s-cp-nic"
            ],
            "os_disk": [
              {
                "caching": "ReadWrite",
                "diff_disk_settings": [],
                "disk_encryption_set_id": "",
                "disk_size_gb": 100,
                "name": "k8s-control-plane_OsDisk_1_fee6934fd7094a889af10828efdfe217",
                "secure_vm_disk_encryption_set_id": "",
                "security_encryption_type": "",
                "storage_account_type": "Premium_LRS",
                "write_accelerator_enabled": false
              }
            ],
            "os_image_notification": [],
            "patch_assessment_mode": "ImageDefault",
            "patch_mode": "ImageDefault",
            "plan": [],
            "platform_fault_domain": -1,
            "priority": "Regular",
            "private_ip_address": "10.0.1.10",
            "private_ip_addresses": [
              "10.0.1.10"
            ],
            "provision_vm_agent": true,
            "proximity_placement_group_id": "",
            "public_ip_address": "4.193.210.31",
            "public_ip_addresses": [
              "4.193.210.31"
            ],
            "reboot_setting": "",
            "resource_group_name": "k8s-k8s-rg",
            "secret": [],
            "secure_boot_enabled": false,
            "size": "Standard_D2s_v3",
            "source_image_id": "",
            "source_image_reference": [
              {
                "offer": "0001-com-ubuntu-server-jammy",
                "publisher": "Canonical",
                "sku": "22_04-lts-gen2",
                "version": "latest"
              }
            ],
            "tags": {
              "Environment": "dev",
              "ManagedBy": "terraform",
              "Project": "k8s-cluster",
              "Role": "control-plane"
            },
            "termination_notification": [],
            "timeouts": null,
            "user_data": "",
            "virtual_machine_id": "a60951d5-5fc8-4a6a-aa98-c51242f5c437",
            "virtual_machine_scale_set_id": "",
            "vm_agent_platform_updates_enabled": false,
            "vtpm_enabled": false,
            "zone": ""
          },
          "sensitive_attributes": [
            [
              {
                "type": "get_attr",
                "value": "admin_password"
              }
            ],
            [
              {
                "type": "get_attr",
                "value": "custom_data"
              }
            ]
          ],
          "identity_schema_version": 0,
          "private": "eyJlMmJmYjczMC1lY2FhLTExZTYtOGY4OC0zNDM2M2JjN2M0YzAiOnsiY3JlYXRlIjoyNzAwMDAwMDAwMDAwLCJkZWxldGUiOjI3MDAwMDAwMDAwMDAsInJlYWQiOjMwMDAwMDAwMDAwMCwidXBkYXRlIjoyNzAwMDAwMDAwMDAwfX0=",
          "dependencies": [
            "azurerm_network_interface.control_plane",
            "azurerm_public_ip.control_plane",
            "azurerm_resource_group.k8s",
            "azurerm_subnet.k8s",
            "azurerm_virtual_network.k8s"
          ]
        }
      ]
    },
    {
      "mode": "managed",
      "type": "azurerm_linux_virtual_machine",
      "name": "worker",
      "provider": "provider[\"registry.terraform.io/hashicorp/azurerm\"]",
      "instances": [
        {
          "index_key": 0,
          "schema_version": 0,
          "attributes": {
            "additional_capabilities": [],
            "admin_password": null,
            "admin_ssh_key": [
              {
                "public_key": "ssh-rsa AAAAB3NzaC1yc2EAAAADAQABAAACAQDj9sDSI4akgPWvsNIVstyDPd9DV4wvVDA0xctyXh6RAKHjWdr/YpxBVCQalb6tAAtQhQlwu4K3L7BNvG0RxAfLYuBi86wekoIZXYkjWkRiOF73nOMxIOP5+LyEyxZJOQzCSl/O5QwED+v0FBQVNc1uTi9gH+2pdMA96n234sHDyve+fc05u33kqvEZLzbyw48Dd7xnTgHzsIKwOZxD41u8paSFGVB+khTZRVhMMlfFcn7h2iMv5nrsHSNawst354FIE58XeelHSJOQf2ZC3XaW5BQ6mgEtdywwD6EjT/lENjf8akyzbSxZPyoRRX+Jg0m/P0HcLT94tsyEQlEmmF2Vr8AZyG5JvIK1EPb6XDsPEmqaiNS0wj7eSssKttIcDmpmzdOLV0bvNU5RzyvtQBg26m7kCNZlEQL1FcNS8idNevefVthmXs6dRX6dLA0g3X6kjyA3yL83UgW0pA/kmD5lsCfAm1QaV5T03wl1WcLmni4dAqg2LJCJ0bchuXVyfNiuM113uv/4C4uY2BgXG6gtMfq/w4v8y/dcdiut3L4twvcV1U4n9QWct5bmCXKtB+syGhcP9Q7yN9NckHqzItBHeLqdVH99nTwGBb7YwRXlfwXvUNJik/Xss8MF7rQoFNuRXmQMY2mHXNMa+QcPM4tDpfw8NlrS3MARIb+5iSIzxQ== k8s-azure\n",
                "username": "azureuser"
              }
            ],
            "admin_username": "azureuser",
            "allow_extension_operations": true,
            "availability_set_id": "",
            "boot_diagnostics": [],
            "bypass_platform_safety_checks_on_user_schedule_enabled": false,
            "capacity_reservation_group_id": "",
            "computer_name": "k8s-worker-1",
            "custom_data": "IyEvYmluL2Jhc2gKIyBjbG91ZC1pbml0IGJvb3RzdHJhcCDigJMgS3ViZXJuZXRlcyBXb3JrZXIgTm9kZQojIEt1YmVybmV0ZXMgdmVyc2lvbiA6IDEuMjkKCnNldCAtZXVvIHBpcGVmYWlsCmV4ZWMgPiA+KHRlZSAvdmFyL2xvZy9rOHMtYm9vdHN0cmFwLmxvZyB8IGxvZ2dlciAtdCBrOHMtYm9vdHN0cmFwKSAyPiYxCgplY2hvICI9PT0gWzEvNF0gU3lzdGVtIHByZXJlcXVpc2l0ZXMgPT09IgphcHQtZ2V0IHVwZGF0ZSAteQphcHQtZ2V0IGluc3RhbGwgLXkgYXB0LXRyYW5zcG9ydC1odHRwcyBjYS1jZXJ0aWZpY2F0ZXMgY3VybCBncGcKCiMgRGlzYWJsZSBzd2FwCnN3YXBvZmYgLWEKc2VkIC1pICcvc3dhcC9kJyAvZXRjL2ZzdGFiCgojIEtlcm5lbCBtb2R1bGVzCmNhdCA8PEVPRiB8IHRlZSAvZXRjL21vZHVsZXMtbG9hZC5kL2s4cy5jb25mCm92ZXJsYXkKYnJfbmV0ZmlsdGVyCkVPRgptb2Rwcm9iZSBvdmVybGF5Cm1vZHByb2JlIGJyX25ldGZpbHRlcgoKY2F0IDw8RU9GIHwgdGVlIC9ldGMvc3lzY3RsLmQvazhzLmNvbmYKbmV0LmJyaWRnZS5icmlkZ2UtbmYtY2FsbC1pcHRhYmxlcyAgPSAxCm5ldC5icmlkZ2UuYnJpZGdlLW5mLWNhbGwtaXA2dGFibGVzID0gMQpuZXQuaXB2NC5pcF9mb3J3YXJkICAgICAgICAgICAgICAgICA9IDEKRU9GCnN5c2N0bCAtLXN5c3RlbQoKZWNobyAiPT09IFsyLzRdIEluc3RhbGwgY29udGFpbmVyZCA9PT0iCmFwdC1nZXQgaW5zdGFsbCAteSBjb250YWluZXJkCm1rZGlyIC1wIC9ldGMvY29udGFpbmVyZApjb250YWluZXJkIGNvbmZpZyBkZWZhdWx0IHwgdGVlIC9ldGMvY29udGFpbmVyZC9jb25maWcudG9tbApzZWQgLWkgJ3MvU3lzdGVtZENncm91cCA9IGZhbHNlL1N5c3RlbWRDZ3JvdXAgPSB0cnVlLycgL2V0Yy9jb250YWluZXJkL2NvbmZpZy50b21sCnN5c3RlbWN0bCByZXN0YXJ0IGNvbnRhaW5lcmQKc3lzdGVtY3RsIGVuYWJsZSBjb250YWluZXJkCgplY2hvICI9PT0gWzMvNF0gSW5zdGFsbCBrdWJlYWRtLCBrdWJlbGV0LCBrdWJlY3RsID09PSIKY3VybCAtZnNTTCAiaHR0cHM6Ly9wa2dzLms4cy5pby9jb3JlOi9zdGFibGU6L3YxLjI5L2RlYi9SZWxlYXNlLmtleSIgXAogIHwgZ3BnIC0tZGVhcm1vciAtbyAvZXRjL2FwdC9rZXlyaW5ncy9rdWJlcm5ldGVzLWFwdC1rZXlyaW5nLmdwZwoKZWNobyAiZGViIFtzaWduZWQtYnk9L2V0Yy9hcHQva2V5cmluZ3Mva3ViZXJuZXRlcy1hcHQta2V5cmluZy5ncGddIFwKICBodHRwczovL3BrZ3MuazhzLmlvL2NvcmU6L3N0YWJsZTovdjEuMjkvZGViLyAvIiBcCiAgfCB0ZWUgL2V0Yy9hcHQvc291cmNlcy5saXN0LmQva3ViZXJuZXRlcy5saXN0CgphcHQtZ2V0IHVwZGF0ZSAteQphcHQtZ2V0IGluc3RhbGwgLXkga3ViZWxldCBrdWJlYWRtIGt1YmVjdGwKYXB0LW1hcmsgaG9sZCBrdWJlbGV0IGt1YmVhZG0ga3ViZWN0bAoKZWNobyAiPT09IFs0LzRdIFdvcmtlciBub2RlIHJlYWR5IOKAkyB3YWl0aW5nIGZvciBqb2luIGNvbW1hbmQgPT09IgojIE5PVEU6IEFmdGVyIGNvbnRyb2wgcGxhbmUgaXMgcmVhZHksIHJ1biB0aGUgam9pbiBjb21tYW5kIGZyb206CiMgICAvaG9tZS9henVyZXVzZXIvd29ya2VyLWpvaW4tY29tbWFuZC5zaCAgKG9uIHRoZSBjb250cm9sIHBsYW5lKQojIFRoZW4gZXhlY3V0ZSBpdCBhcyByb290IG9uIHRoaXMgd29ya2VyIG5vZGUuCmVjaG8gIldvcmtlciBib290c3RyYXAgY29tcGxldGUuIEF3YWl0aW5nIGt1YmVhZG0gam9pbi4iCg==",
            "dedicated_host_group_id": "",
            "dedicated_host_id": "",
            "disable_password_authentication": true,
            "disk_controller_type": "SCSI",
            "edge_zone": "",
            "encryption_at_host_enabled": false,
            "eviction_policy": "",
            "extensions_time_budget": "PT1H30M",
            "gallery_application": [],
            "id": "/subscriptions/ea1b8990-39ca-40a0-8c4d-5b98b6dede1b/resourceGroups/k8s-k8s-rg/providers/Microsoft.Compute/virtualMachines/k8s-worker-1",
            "identity": [],
            "license_type": "",
            "location": "southeastasia",
            "max_bid_price": -1,
            "name": "k8s-worker-1",
            "network_interface_ids": [
              "/subscriptions/ea1b8990-39ca-40a0-8c4d-5b98b6dede1b/resourceGroups/k8s-k8s-rg/providers/Microsoft.Network/networkInterfaces/k8s-worker-1-nic"
            ],
            "os_disk": [
              {
                "caching": "ReadWrite",
                "diff_disk_settings": [],
                "disk_encryption_set_id": "",
                "disk_size_gb": 80,
                "name": "k8s-worker-1_OsDisk_1_14cd797f2c68460fa28142764678c46d",
                "secure_vm_disk_encryption_set_id": "",
                "security_encryption_type": "",
                "storage_account_type": "Premium_LRS",
                "write_accelerator_enabled": false
              }
            ],
            "os_image_notification": [],
            "patch_assessment_mode": "ImageDefault",
            "patch_mode": "ImageDefault",
            "plan": [],
            "platform_fault_domain": -1,
            "priority": "Regular",
            "private_ip_address": "10.0.1.20",
            "private_ip_addresses": [
              "10.0.1.20"
            ],
            "provision_vm_agent": true,
            "proximity_placement_group_id": "",
            "public_ip_address": "4.193.99.206",
            "public_ip_addresses": [
              "4.193.99.206"
            ],
            "reboot_setting": "",
            "resource_group_name": "k8s-k8s-rg",
            "secret": [],
            "secure_boot_enabled": false,
            "size": "Standard_D2s_v3",
            "source_image_id": "",
            "source_image_reference": [
              {
                "offer": "0001-com-ubuntu-server-jammy",
                "publisher": "Canonical",
                "sku": "22_04-lts-gen2",
                "version": "latest"
              }
            ],
            "tags": {
              "Environment": "dev",
              "Index": "1",
              "ManagedBy": "terraform",
              "Project": "k8s-cluster",
              "Role": "worker"
            },
            "termination_notification": [],
            "timeouts": null,
            "user_data": "",
            "virtual_machine_id": "54b9cb23-fb9a-4ae8-b38d-daa23f1042ed",
            "virtual_machine_scale_set_id": "",
            "vm_agent_platform_updates_enabled": false,
            "vtpm_enabled": false,
            "zone": ""
          },
          "sensitive_attributes": [
            [
              {
                "type": "get_attr",
                "value": "admin_password"
              }
            ],
            [
              {
                "type": "get_attr",
                "value": "custom_data"
              }
            ]
          ],
          "identity_schema_version": 0,
          "private": "eyJlMmJmYjczMC1lY2FhLTExZTYtOGY4OC0zNDM2M2JjN2M0YzAiOnsiY3JlYXRlIjoyNzAwMDAwMDAwMDAwLCJkZWxldGUiOjI3MDAwMDAwMDAwMDAsInJlYWQiOjMwMDAwMDAwMDAwMCwidXBkYXRlIjoyNzAwMDAwMDAwMDAwfX0=",
          "dependencies": [
            "azurerm_network_interface.worker",
            "azurerm_public_ip.worker",
            "azurerm_resource_group.k8s",
            "azurerm_subnet.k8s",
            "azurerm_virtual_network.k8s"
          ]
        }
      ]
    },
    {
      "mode": "managed",
      "type": "azurerm_network_interface",
      "name": "control_plane",
      "provider": "provider[\"registry.terraform.io/hashicorp/azurerm\"]",
      "instances": [
        {
          "schema_version": 0,
          "attributes": {
            "accelerated_networking_enabled": false,
            "applied_dns_servers": [],
            "auxiliary_mode": "",
            "auxiliary_sku": "",
            "dns_servers": [],
            "edge_zone": "",
            "enable_accelerated_networking": false,
            "enable_ip_forwarding": false,
            "id": "/subscriptions/ea1b8990-39ca-40a0-8c4d-5b98b6dede1b/resourceGroups/k8s-k8s-rg/providers/Microsoft.Network/networkInterfaces/k8s-cp-nic",
            "internal_dns_name_label": "",
            "internal_domain_name_suffix": "",
            "ip_configuration": [
              {
                "gateway_load_balancer_frontend_ip_configuration_id": "",
                "name": "internal",
                "primary": true,
                "private_ip_address": "10.0.1.10",
                "private_ip_address_allocation": "Static",
                "private_ip_address_version": "IPv4",
                "public_ip_address_id": "/subscriptions/ea1b8990-39ca-40a0-8c4d-5b98b6dede1b/resourceGroups/k8s-k8s-rg/providers/Microsoft.Network/publicIPAddresses/k8s-cp-pip",
                "subnet_id": "/subscriptions/ea1b8990-39ca-40a0-8c4d-5b98b6dede1b/resourceGroups/k8s-k8s-rg/providers/Microsoft.Network/virtualNetworks/k8s-vnet/subnets/k8s-subnet"
              }
            ],
            "ip_forwarding_enabled": false,
            "location": "southeastasia",
            "mac_address": "7C-ED-8D-E5-7A-F3",
            "name": "k8s-cp-nic",
            "private_ip_address": "10.0.1.10",
            "private_ip_addresses": [
              "10.0.1.10"
            ],
            "resource_group_name": "k8s-k8s-rg",
            "tags": {
              "Environment": "dev",
              "ManagedBy": "terraform",
              "Project": "k8s-cluster"
            },
            "timeouts": null,
            "virtual_machine_id": "/subscriptions/ea1b8990-39ca-40a0-8c4d-5b98b6dede1b/resourceGroups/k8s-k8s-rg/providers/Microsoft.Compute/virtualMachines/k8s-control-plane"
          },
          "sensitive_attributes": [],
          "identity_schema_version": 0,
          "private": "eyJlMmJmYjczMC1lY2FhLTExZTYtOGY4OC0zNDM2M2JjN2M0YzAiOnsiY3JlYXRlIjoxODAwMDAwMDAwMDAwLCJkZWxldGUiOjE4MDAwMDAwMDAwMDAsInJlYWQiOjMwMDAwMDAwMDAwMCwidXBkYXRlIjoxODAwMDAwMDAwMDAwfX0=",
          "dependencies": [
            "azurerm_public_ip.control_plane",
            "azurerm_resource_group.k8s",
            "azurerm_subnet.k8s",
            "azurerm_virtual_network.k8s"
          ]
        }
      ]
    },
    {
      "mode": "managed",
      "type": "azurerm_network_interface",
      "name": "worker",
      "provider": "provider[\"registry.terraform.io/hashicorp/azurerm\"]",
      "instances": [
        {
          "index_key": 0,
          "schema_version": 0,
          "attributes": {
            "accelerated_networking_enabled": false,
            "applied_dns_servers": [],
            "auxiliary_mode": "",
            "auxiliary_sku": "",
            "dns_servers": [],
            "edge_zone": "",
            "enable_accelerated_networking": false,
            "enable_ip_forwarding": false,
            "id": "/subscriptions/ea1b8990-39ca-40a0-8c4d-5b98b6dede1b/resourceGroups/k8s-k8s-rg/providers/Microsoft.Network/networkInterfaces/k8s-worker-1-nic",
            "internal_dns_name_label": "",
            "internal_domain_name_suffix": "atgsoi0cvcje5dq1jdvmq2fgyf.ix.internal.cloudapp.net",
            "ip_configuration": [
              {
                "gateway_load_balancer_frontend_ip_configuration_id": "",
                "name": "internal",
                "primary": true,
                "private_ip_address": "10.0.1.20",
                "private_ip_address_allocation": "Static",
                "private_ip_address_version": "IPv4",
                "public_ip_address_id": "/subscriptions/ea1b8990-39ca-40a0-8c4d-5b98b6dede1b/resourceGroups/k8s-k8s-rg/providers/Microsoft.Network/publicIPAddresses/k8s-worker-1-pip",
                "subnet_id": "/subscriptions/ea1b8990-39ca-40a0-8c4d-5b98b6dede1b/resourceGroups/k8s-k8s-rg/providers/Microsoft.Network/virtualNetworks/k8s-vnet/subnets/k8s-subnet"
              }
            ],
            "ip_forwarding_enabled": false,
            "location": "southeastasia",
            "mac_address": "70-A8-A5-70-56-BC",
            "name": "k8s-worker-1-nic",
            "private_ip_address": "10.0.1.20",
            "private_ip_addresses": [
              "10.0.1.20"
            ],
            "resource_group_name": "k8s-k8s-rg",
            "tags": {
              "Environment": "dev",
              "ManagedBy": "terraform",
              "Project": "k8s-cluster"
            },
            "timeouts": null,
            "virtual_machine_id": "/subscriptions/ea1b8990-39ca-40a0-8c4d-5b98b6dede1b/resourceGroups/k8s-k8s-rg/providers/Microsoft.Compute/virtualMachines/k8s-worker-1"
          },
          "sensitive_attributes": [],
          "identity_schema_version": 0,
          "private": "eyJlMmJmYjczMC1lY2FhLTExZTYtOGY4OC0zNDM2M2JjN2M0YzAiOnsiY3JlYXRlIjoxODAwMDAwMDAwMDAwLCJkZWxldGUiOjE4MDAwMDAwMDAwMDAsInJlYWQiOjMwMDAwMDAwMDAwMCwidXBkYXRlIjoxODAwMDAwMDAwMDAwfX0=",
          "dependencies": [
            "azurerm_public_ip.worker",
            "azurerm_resource_group.k8s",
            "azurerm_subnet.k8s",
            "azurerm_virtual_network.k8s"
          ]
        }
      ]
    },
    {
      "mode": "managed",
      "type": "azurerm_network_security_group",
      "name": "k8s",
      "provider": "provider[\"registry.terraform.io/hashicorp/azurerm\"]",
      "instances": [
        {
          "schema_version": 0,
          "attributes": {
            "id": "/subscriptions/ea1b8990-39ca-40a0-8c4d-5b98b6dede1b/resourceGroups/k8s-k8s-rg/providers/Microsoft.Network/networkSecurityGroups/k8s-nsg",
            "location": "southeastasia",
            "name": "k8s-nsg",
            "resource_group_name": "k8s-k8s-rg",
            "security_rule": [
              {
                "access": "Allow",
                "description": "",
                "destination_address_prefix": "*",
                "destination_address_prefixes": [],
                "destination_application_security_group_ids": [],
                "destination_port_range": "6443",
                "destination_port_ranges": [],
                "direction": "Inbound",
                "name": "K8s-API",
                "priority": 1002,
                "protocol": "Tcp",
                "source_address_prefix": "1.53.235.236/32",
                "source_address_prefixes": [],
                "source_application_security_group_ids": [],
                "source_port_range": "*",
                "source_port_ranges": []
              },
              {
                "access": "Allow",
                "description": null,
                "destination_address_prefix": "*",
                "destination_address_prefixes": [],
                "destination_application_security_group_ids": [],
                "destination_port_range": "*",
                "destination_port_ranges": [],
                "direction": "Inbound",
                "name": "Internal-Cluster",
                "priority": 1003,
                "protocol": "*",
                "source_address_prefix": "10.0.0.0/16",
                "source_address_prefixes": [],
                "source_application_security_group_ids": [],
                "source_port_range": "*",
                "source_port_ranges": []
              },
              {
                "access": "Allow",
                "description": null,
                "destination_address_prefix": "*",
                "destination_address_prefixes": [],
                "destination_application_security_group_ids": [],
                "destination_port_range": "22",
                "destination_port_ranges": [],
                "direction": "Inbound",
                "name": "SSH",
                "priority": 1001,
                "protocol": "Tcp",
                "source_address_prefix": "*",
                "source_address_prefixes": [],
                "source_application_security_group_ids": [],
                "source_port_range": "*",
                "source_port_ranges": []
              }
            ],
            "tags": {
              "Environment": "dev",
              "ManagedBy": "terraform",
              "Project": "k8s-cluster"
            },
            "timeouts": null
          },
          "sensitive_attributes": [],
          "identity_schema_version": 0,
          "private": "eyJlMmJmYjczMC1lY2FhLTExZTYtOGY4OC0zNDM2M2JjN2M0YzAiOnsiY3JlYXRlIjoxODAwMDAwMDAwMDAwLCJkZWxldGUiOjE4MDAwMDAwMDAwMDAsInJlYWQiOjMwMDAwMDAwMDAwMCwidXBkYXRlIjoxODAwMDAwMDAwMDAwfX0=",
          "dependencies": [
            "azurerm_resource_group.k8s"
          ]
        }
      ]
    },
    {
      "mode": "managed",
      "type": "azurerm_public_ip",
      "name": "control_plane",
      "provider": "provider[\"registry.terraform.io/hashicorp/azurerm\"]",
      "instances": [
        {
          "schema_version": 0,
          "attributes": {
            "allocation_method": "Static",
            "ddos_protection_mode": "VirtualNetworkInherited",
            "ddos_protection_plan_id": null,
            "domain_name_label": null,
            "edge_zone": "",
            "fqdn": null,
            "id": "/subscriptions/ea1b8990-39ca-40a0-8c4d-5b98b6dede1b/resourceGroups/k8s-k8s-rg/providers/Microsoft.Network/publicIPAddresses/k8s-cp-pip",
            "idle_timeout_in_minutes": 4,
            "ip_address": "4.193.210.31",
            "ip_tags": {},
            "ip_version": "IPv4",
            "location": "southeastasia",
            "name": "k8s-cp-pip",
            "public_ip_prefix_id": null,
            "resource_group_name": "k8s-k8s-rg",
            "reverse_fqdn": null,
            "sku": "Standard",
            "sku_tier": "Regional",
            "tags": {
              "Environment": "dev",
              "ManagedBy": "terraform",
              "Project": "k8s-cluster"
            },
            "timeouts": null,
            "zones": []
          },
          "sensitive_attributes": [],
          "identity_schema_version": 0,
          "private": "eyJlMmJmYjczMC1lY2FhLTExZTYtOGY4OC0zNDM2M2JjN2M0YzAiOnsiY3JlYXRlIjoxODAwMDAwMDAwMDAwLCJkZWxldGUiOjE4MDAwMDAwMDAwMDAsInJlYWQiOjMwMDAwMDAwMDAwMCwidXBkYXRlIjoxODAwMDAwMDAwMDAwfX0=",
          "dependencies": [
            "azurerm_resource_group.k8s"
          ]
        }
      ]
    },
    {
      "mode": "managed",
      "type": "azurerm_public_ip",
      "name": "worker",
      "provider": "provider[\"registry.terraform.io/hashicorp/azurerm\"]",
      "instances": [
        {
          "index_key": 0,
          "schema_version": 0,
          "attributes": {
            "allocation_method": "Static",
            "ddos_protection_mode": "VirtualNetworkInherited",
            "ddos_protection_plan_id": null,
            "domain_name_label": null,
            "edge_zone": "",
            "fqdn": null,
            "id": "/subscriptions/ea1b8990-39ca-40a0-8c4d-5b98b6dede1b/resourceGroups/k8s-k8s-rg/providers/Microsoft.Network/publicIPAddresses/k8s-worker-1-pip",
            "idle_timeout_in_minutes": 4,
            "ip_address": "4.193.99.206",
            "ip_tags": {},
            "ip_version": "IPv4",
            "location": "southeastasia",
            "name": "k8s-worker-1-pip",
            "public_ip_prefix_id": null,
            "resource_group_name": "k8s-k8s-rg",
            "reverse_fqdn": null,
            "sku": "Standard",
            "sku_tier": "Regional",
            "tags": {
              "Environment": "dev",
              "ManagedBy": "terraform",
              "Project": "k8s-cluster"
            },
            "timeouts": null,
            "zones": []
          },
          "sensitive_attributes": [],
          "identity_schema_version": 0,
          "private": "eyJlMmJmYjczMC1lY2FhLTExZTYtOGY4OC0zNDM2M2JjN2M0YzAiOnsiY3JlYXRlIjoxODAwMDAwMDAwMDAwLCJkZWxldGUiOjE4MDAwMDAwMDAwMDAsInJlYWQiOjMwMDAwMDAwMDAwMCwidXBkYXRlIjoxODAwMDAwMDAwMDAwfX0=",
          "dependencies": [
            "azurerm_resource_group.k8s"
          ]
        }
      ]
    },
    {
      "mode": "managed",
      "type": "azurerm_resource_group",
      "name": "k8s",
      "provider": "provider[\"registry.terraform.io/hashicorp/azurerm\"]",
      "instances": [
        {
          "schema_version": 0,
          "attributes": {
            "id": "/subscriptions/ea1b8990-39ca-40a0-8c4d-5b98b6dede1b/resourceGroups/k8s-k8s-rg",
            "location": "southeastasia",
            "managed_by": "",
            "name": "k8s-k8s-rg",
            "tags": {
              "Environment": "dev",
              "ManagedBy": "terraform",
              "Project": "k8s-cluster"
            },
            "timeouts": null
          },
          "sensitive_attributes": [],
          "identity_schema_version": 0,
          "private": "eyJlMmJmYjczMC1lY2FhLTExZTYtOGY4OC0zNDM2M2JjN2M0YzAiOnsiY3JlYXRlIjo1NDAwMDAwMDAwMDAwLCJkZWxldGUiOjU0MDAwMDAwMDAwMDAsInJlYWQiOjMwMDAwMDAwMDAwMCwidXBkYXRlIjo1NDAwMDAwMDAwMDAwfX0="
        }
      ]
    },
    {
      "mode": "managed",
      "type": "azurerm_ssh_public_key",
      "name": "k8s",
      "provider": "provider[\"registry.terraform.io/hashicorp/azurerm\"]",
      "instances": [
        {
          "schema_version": 0,
          "attributes": {
            "id": "/subscriptions/ea1b8990-39ca-40a0-8c4d-5b98b6dede1b/resourceGroups/k8s-k8s-rg/providers/Microsoft.Compute/sshPublicKeys/k8s-ssh-key",
            "location": "southeastasia",
            "name": "k8s-ssh-key",
            "public_key": "ssh-rsa AAAAB3NzaC1yc2EAAAADAQABAAACAQDj9sDSI4akgPWvsNIVstyDPd9DV4wvVDA0xctyXh6RAKHjWdr/YpxBVCQalb6tAAtQhQlwu4K3L7BNvG0RxAfLYuBi86wekoIZXYkjWkRiOF73nOMxIOP5+LyEyxZJOQzCSl/O5QwED+v0FBQVNc1uTi9gH+2pdMA96n234sHDyve+fc05u33kqvEZLzbyw48Dd7xnTgHzsIKwOZxD41u8paSFGVB+khTZRVhMMlfFcn7h2iMv5nrsHSNawst354FIE58XeelHSJOQf2ZC3XaW5BQ6mgEtdywwD6EjT/lENjf8akyzbSxZPyoRRX+Jg0m/P0HcLT94tsyEQlEmmF2Vr8AZyG5JvIK1EPb6XDsPEmqaiNS0wj7eSssKttIcDmpmzdOLV0bvNU5RzyvtQBg26m7kCNZlEQL1FcNS8idNevefVthmXs6dRX6dLA0g3X6kjyA3yL83UgW0pA/kmD5lsCfAm1QaV5T03wl1WcLmni4dAqg2LJCJ0bchuXVyfNiuM113uv/4C4uY2BgXG6gtMfq/w4v8y/dcdiut3L4twvcV1U4n9QWct5bmCXKtB+syGhcP9Q7yN9NckHqzItBHeLqdVH99nTwGBb7YwRXlfwXvUNJik/Xss8MF7rQoFNuRXmQMY2mHXNMa+QcPM4tDpfw8NlrS3MARIb+5iSIzxQ== k8s-azure\n",
            "resource_group_name": "k8s-k8s-rg",
            "tags": {},
            "timeouts": null
          },
          "sensitive_attributes": [],
          "identity_schema_version": 0,
          "private": "eyJlMmJmYjczMC1lY2FhLTExZTYtOGY4OC0zNDM2M2JjN2M0YzAiOnsiY3JlYXRlIjoyNzAwMDAwMDAwMDAwLCJkZWxldGUiOjI3MDAwMDAwMDAwMDAsInJlYWQiOjMwMDAwMDAwMDAwMCwidXBkYXRlIjoyNzAwMDAwMDAwMDAwfX0=",
          "dependencies": [
            "azurerm_resource_group.k8s"
          ]
        }
      ]
    },
    {
      "mode": "managed",
      "type": "azurerm_subnet",
      "name": "k8s",
      "provider": "provider[\"registry.terraform.io/hashicorp/azurerm\"]",
      "instances": [
        {
          "schema_version": 0,
          "attributes": {
            "address_prefixes": [
              "10.0.1.0/24"
            ],
            "default_outbound_access_enabled": true,
            "delegation": [],
            "enforce_private_link_endpoint_network_policies": false,
            "enforce_private_link_service_network_policies": false,
            "id": "/subscriptions/ea1b8990-39ca-40a0-8c4d-5b98b6dede1b/resourceGroups/k8s-k8s-rg/providers/Microsoft.Network/virtualNetworks/k8s-vnet/subnets/k8s-subnet",
            "name": "k8s-subnet",
            "private_endpoint_network_policies": "Enabled",
            "private_endpoint_network_policies_enabled": true,
            "private_link_service_network_policies_enabled": true,
            "resource_group_name": "k8s-k8s-rg",
            "service_endpoint_policy_ids": [],
            "service_endpoints": [],
            "timeouts": null,
            "virtual_network_name": "k8s-vnet"
          },
          "sensitive_attributes": [],
          "identity_schema_version": 0,
          "private": "eyJlMmJmYjczMC1lY2FhLTExZTYtOGY4OC0zNDM2M2JjN2M0YzAiOnsiY3JlYXRlIjoxODAwMDAwMDAwMDAwLCJkZWxldGUiOjE4MDAwMDAwMDAwMDAsInJlYWQiOjMwMDAwMDAwMDAwMCwidXBkYXRlIjoxODAwMDAwMDAwMDAwfX0=",
          "dependencies": [
            "azurerm_resource_group.k8s",
            "azurerm_virtual_network.k8s"
          ]
        }
      ]
    },
    {
      "mode": "managed",
      "type": "azurerm_subnet_network_security_group_association",
      "name": "k8s",
      "provider": "provider[\"registry.terraform.io/hashicorp/azurerm\"]",
      "instances": [
        {
          "schema_version": 0,
          "attributes": {
            "id": "/subscriptions/ea1b8990-39ca-40a0-8c4d-5b98b6dede1b/resourceGroups/k8s-k8s-rg/providers/Microsoft.Network/virtualNetworks/k8s-vnet/subnets/k8s-subnet",
            "network_security_group_id": "/subscriptions/ea1b8990-39ca-40a0-8c4d-5b98b6dede1b/resourceGroups/k8s-k8s-rg/providers/Microsoft.Network/networkSecurityGroups/k8s-nsg",
            "subnet_id": "/subscriptions/ea1b8990-39ca-40a0-8c4d-5b98b6dede1b/resourceGroups/k8s-k8s-rg/providers/Microsoft.Network/virtualNetworks/k8s-vnet/subnets/k8s-subnet",
            "timeouts": null
          },
          "sensitive_attributes": [],
          "identity_schema_version": 0,
          "private": "eyJlMmJmYjczMC1lY2FhLTExZTYtOGY4OC0zNDM2M2JjN2M0YzAiOnsiY3JlYXRlIjoxODAwMDAwMDAwMDAwLCJkZWxldGUiOjE4MDAwMDAwMDAwMDAsInJlYWQiOjMwMDAwMDAwMDAwMH19",
          "dependencies": [
            "azurerm_network_security_group.k8s",
            "azurerm_resource_group.k8s",
            "azurerm_subnet.k8s",
            "azurerm_virtual_network.k8s"
          ]
        }
      ]
    },
    {
      "mode": "managed",
      "type": "azurerm_virtual_network",
      "name": "k8s",
      "provider": "provider[\"registry.terraform.io/hashicorp/azurerm\"]",
      "instances": [
        {
          "schema_version": 0,
          "attributes": {
            "address_space": [
              "10.0.0.0/16"
            ],
            "bgp_community": "",
            "ddos_protection_plan": [],
            "dns_servers": [],
            "edge_zone": "",
            "encryption": [],
            "flow_timeout_in_minutes": 0,
            "guid": "2327cd04-a842-4f92-8e1b-48eac870a6c5",
            "id": "/subscriptions/ea1b8990-39ca-40a0-8c4d-5b98b6dede1b/resourceGroups/k8s-k8s-rg/providers/Microsoft.Network/virtualNetworks/k8s-vnet",
            "location": "southeastasia",
            "name": "k8s-vnet",
            "resource_group_name": "k8s-k8s-rg",
            "subnet": [
              {
                "address_prefix": "10.0.1.0/24",
                "id": "/subscriptions/ea1b8990-39ca-40a0-8c4d-5b98b6dede1b/resourceGroups/k8s-k8s-rg/providers/Microsoft.Network/virtualNetworks/k8s-vnet/subnets/k8s-subnet",
                "name": "k8s-subnet",
                "security_group": "/subscriptions/ea1b8990-39ca-40a0-8c4d-5b98b6dede1b/resourceGroups/k8s-k8s-rg/providers/Microsoft.Network/networkSecurityGroups/k8s-nsg"
              }
            ],
            "tags": {
              "Environment": "dev",
              "ManagedBy": "terraform",
              "Project": "k8s-cluster"
            },
            "timeouts": null
          },
          "sensitive_attributes": [],
          "identity_schema_version": 0,
          "private": "eyJlMmJmYjczMC1lY2FhLTExZTYtOGY4OC0zNDM2M2JjN2M0YzAiOnsiY3JlYXRlIjoxODAwMDAwMDAwMDAwLCJkZWxldGUiOjE4MDAwMDAwMDAwMDAsInJlYWQiOjMwMDAwMDAwMDAwMCwidXBkYXRlIjoxODAwMDAwMDAwMDAwfX0=",
          "dependencies": [
            "azurerm_resource_group.k8s"
          ]
        }
      ]
    }
  ],
  "check_results": null
}
